# generated by rye
# use `rye lock` or `rye sync` to update this lockfile
#
# last locked with the following flags:
#   pre: false
#   features: []
#   all-features: false
#   with-sources: false
#   generate-hashes: false
#   universal: false

-e file:.
absl-py==2.3.1
    # via ortools
alabaster==1.0.0
    # via sphinx
anndata==0.12.6
    # via doubletdetection
    # via parafac2
    # via rise
    # via scanpy
    # via scib
annoy==1.17.3
    # via pacmap
    # via scanorama
array-api-compat==1.12.0
    # via anndata
babel==2.17.0
    # via sphinx
certifi==2025.11.12
    # via requests
charset-normalizer==3.4.4
    # via requests
click==8.3.1
    # via dask
cloudpickle==3.1.2
    # via dask
colorcet==3.1.0
    # via datashader
contourpy==1.3.3
    # via matplotlib
coverage==7.12.0
    # via pytest-cov
cupy-cuda12x==13.6.0
    # via parafac2
cycler==0.12.1
    # via matplotlib
dask==2025.11.0
    # via rise
datashader==0.18.2
    # via rise
deprecated==1.3.1
    # via scib
docutils==0.21.2
    # via sphinx
    # via sphinx-rtd-theme
donfig==0.8.1.post1
    # via zarr
doubletdetection==4.3.0.post1
    # via rise
fastrlock==0.8.3
    # via cupy-cuda12x
fbpca==1.0
    # via geosketch
    # via scanorama
fonttools==4.61.0
    # via matplotlib
fsspec==2025.10.0
    # via dask
geosketch==1.3
    # via scanorama
google-crc32c==1.7.1
    # via zarr
gseapy==1.1.11
    # via rise
h5netcdf==1.7.3
    # via rise
h5py==3.15.1
    # via anndata
    # via h5netcdf
    # via scanpy
    # via scib
harmonypy==0.0.10
idna==3.11
    # via requests
igraph==1.0.0
    # via leidenalg
    # via scib
imagesize==1.4.1
    # via sphinx
immutabledict==4.2.2
    # via ortools
iniconfig==2.3.0
    # via pytest
intervaltree==3.1.0
    # via scanorama
jinja2==3.1.6
    # via sphinx
joblib==1.5.2
    # via pynndescent
    # via scanpy
    # via scikit-learn
kiwisolver==1.4.9
    # via matplotlib
legacy-api-wrap==1.5
    # via anndata
    # via scanpy
leidenalg==0.11.0
    # via phenograph
    # via scib
llvmlite==0.45.1
    # via numba
    # via pynndescent
    # via scib
locket==1.0.0
    # via partd
markupsafe==3.0.3
    # via jinja2
matplotlib==3.10.7
    # via doubletdetection
    # via gseapy
    # via scanorama
    # via scanpy
    # via scib
    # via seaborn
    # via tlviz
multipledispatch==1.0.0
    # via datashader
natsort==8.4.0
    # via anndata
    # via scanpy
networkx==3.6
    # via scanpy
nodeenv==1.9.1
    # via pyright
numba==0.62.1
    # via datashader
    # via pacmap
    # via pynndescent
    # via scanpy
    # via scib
    # via umap-learn
numcodecs==0.16.5
    # via zarr
numpy==2.3.5
    # via anndata
    # via contourpy
    # via cupy-cuda12x
    # via dask
    # via datashader
    # via doubletdetection
    # via geosketch
    # via gseapy
    # via h5py
    # via harmonypy
    # via matplotlib
    # via numba
    # via numcodecs
    # via ortools
    # via pacmap
    # via pandas
    # via parafac2
    # via patsy
    # via phenograph
    # via rise
    # via scanorama
    # via scanpy
    # via scib
    # via scikit-learn
    # via scikit-misc
    # via scipy
    # via seaborn
    # via statsmodels
    # via tensorly
    # via tlviz
    # via umap-learn
    # via xarray
    # via zarr
ortools==9.14.6206
    # via rise
packaging==25.0
    # via anndata
    # via dask
    # via datashader
    # via h5netcdf
    # via matplotlib
    # via pytest
    # via scanpy
    # via sphinx
    # via statsmodels
    # via xarray
    # via zarr
pacmap==0.8.0
    # via rise
pandas==2.3.3
    # via anndata
    # via dask
    # via datashader
    # via gseapy
    # via harmonypy
    # via ortools
    # via rise
    # via scanpy
    # via scib
    # via seaborn
    # via statsmodels
    # via tlviz
    # via xarray
parafac2 @ git+https://github.com/meyer-lab/parafac2.git@ccf708fe71c78a106151643e893ea006bba865d9
    # via rise
param==2.3.1
    # via datashader
    # via pyct
partd==1.4.2
    # via dask
patsy==1.0.2
    # via scanpy
    # via statsmodels
phenograph==1.5.7
    # via doubletdetection
pillow==12.0.0
    # via matplotlib
pluggy==1.6.0
    # via pytest
    # via pytest-cov
protobuf==6.31.1
    # via ortools
psutil==7.1.3
    # via phenograph
pyarrow==22.0.0
    # via dask
pyct==0.6.0
    # via datashader
pydot==4.0.1
    # via scib
pygments==2.19.2
    # via pytest
    # via sphinx
pynndescent==0.5.13
    # via scanpy
    # via umap-learn
pyparsing==3.2.5
    # via matplotlib
    # via pydot
pyright==1.1.407
pytest==9.0.1
    # via pytest-cov
pytest-cov==7.0.0
python-dateutil==2.9.0.post0
    # via matplotlib
    # via pandas
pytz==2025.2
    # via pandas
pyyaml==6.0.3
    # via dask
    # via donfig
requests==2.32.5
    # via datashader
    # via gseapy
    # via sphinx
    # via tlviz
roman-numerals-py==3.1.0
    # via sphinx
scanorama==1.7.4
scanpy==1.11.5
    # via doubletdetection
    # via rise
    # via scib
scib==1.1.7
scikit-learn==1.7.2
    # via geosketch
    # via harmonypy
    # via pacmap
    # via phenograph
    # via pynndescent
    # via rise
    # via scanorama
    # via scanpy
    # via scib
    # via umap-learn
scikit-misc==0.5.2
    # via scib
scipy==1.16.3
    # via anndata
    # via datashader
    # via doubletdetection
    # via gseapy
    # via harmonypy
    # via parafac2
    # via phenograph
    # via pynndescent
    # via rise
    # via scanorama
    # via scanpy
    # via scib
    # via scikit-learn
    # via statsmodels
    # via tensorly
    # via tlviz
    # via umap-learn
seaborn==0.13.2
    # via rise
    # via scanpy
    # via scib
session-info2==0.2.3
    # via scanpy
setuptools==80.9.0
    # via phenograph
six==1.17.0
    # via python-dateutil
snowballstemmer==3.0.1
    # via sphinx
sortedcontainers==2.4.0
    # via intervaltree
sphinx==8.2.3
    # via sphinx-rtd-theme
    # via sphinxcontrib-jquery
sphinx-rtd-theme==3.0.2
sphinxcontrib-applehelp==2.0.0
    # via sphinx
sphinxcontrib-devhelp==2.0.0
    # via sphinx
sphinxcontrib-htmlhelp==2.1.0
    # via sphinx
sphinxcontrib-jquery==4.1
    # via sphinx-rtd-theme
sphinxcontrib-jsmath==1.0.1
    # via sphinx
sphinxcontrib-qthelp==2.0.0
    # via sphinx
sphinxcontrib-serializinghtml==2.0.0
    # via sphinx
statsmodels==0.14.5
    # via rise
    # via scanpy
    # via tlviz
tensorly==0.9.0
    # via parafac2
    # via rise
texttable==1.7.0
    # via igraph
threadpoolctl==3.6.0
    # via scikit-learn
tlviz==0.1.1
    # via rise
toolz==1.1.0
    # via dask
    # via datashader
    # via partd
tqdm==4.67.1
    # via doubletdetection
    # via parafac2
    # via rise
    # via scanpy
    # via umap-learn
typing-extensions==4.15.0
    # via numcodecs
    # via ortools
    # via pyright
    # via scanpy
    # via zarr
tzdata==2025.2
    # via pandas
umap-learn==0.5.9.post2
    # via scanpy
    # via scib
urllib3==2.5.0
    # via requests
wrapt==2.0.1
    # via deprecated
xarray==2025.11.0
    # via datashader
    # via tlviz
zarr==3.1.5
    # via anndata
